
Microsoft Visual Studio Solution File, Format Version 10.00
# Visual C++ Express 2008
Project("{8BC9CEB8-8B4A-11D0-8D11-00A0C91BC942}") = "CS684_course_project_group5", "CS684_course_project_group5\CS684_course_project_group5.vcproj", "{9218DCCF-0EC6-4C03-B568-2281CC59EAB7}"
EndProject
Global
	GlobalSection(SolutionConfigurationPlatforms) = preSolution
		Debug|Win32 = Debug|Win32
		Release|Win32 = Release|Win32
	EndGlobalSection
	GlobalSection(ProjectConfigurationPlatforms) = postSolution
		{9218DCCF-0EC6-4C03-B568-2281CC59EAB7}.Debug|Win32.ActiveCfg = Debug|Win32
		{9218DCCF-0EC6-4C03-B568-2281CC59EAB7}.Debug|Win32.Build.0 = Debug|Win32
		{9218DCCF-0EC6-4C03-B568-2281CC59EAB7}.Release|Win32.ActiveCfg = Release|Win32
		{9218DCCF-0EC6-4C03-B568-2281CC59EAB7}.Release|Win32.Build.0 = Release|Win32
	EndGlobalSection
	GlobalSection(SolutionProperties) = preSolution
		HideSolutionNode = FALSE
	EndGlobalSection
EndGlobal
